
Microsoft Visual Studio Solution File, Format Version 12.00
Project("{FAE04EC0-301F-11D3-BF4B-00C04F79EFBC}") = "MauiMyTasks", "MauiMyTasks\MauiMyTasks.csproj", "{6BE4F847-6C54-4594-8D1F-4158E37FE4CE}"
EndProject
Global
	GlobalSection(SolutionConfigurationPlatforms) = preSolution
		Debug|Any CPU = Debug|Any CPU
		Release|Any CPU = Release|Any CPU
	EndGlobalSection
	GlobalSection(ProjectConfigurationPlatforms) = postSolution
		{6BE4F847-6C54-4594-8D1F-4158E37FE4CE}.Debug|Any CPU.ActiveCfg = Debug|Any CPU
		{6BE4F847-6C54-4594-8D1F-4158E37FE4CE}.Debug|Any CPU.Build.0 = Debug|Any CPU
		{6BE4F847-6C54-4594-8D1F-4158E37FE4CE}.Release|Any CPU.ActiveCfg = Release|Any CPU
		{6BE4F847-6C54-4594-8D1F-4158E37FE4CE}.Release|Any CPU.Build.0 = Release|Any CPU
	EndGlobalSection
EndGlobal
